
Microsoft Visual Studio Solution File, Format Version 12.00
# Visual Studio Version 17
VisualStudioVersion = 17.12.35514.174
MinimumVisualStudioVersion = 10.0.40219.1
Project("{FAE04EC0-301F-11D3-BF4B-00C04F79EFBC}") = "HotelService.API", "HotelService\HotelService.API.csproj", "{A3D92900-88EF-4EB9-BEC4-7786B0783178}"
EndProject
Project("{FAE04EC0-301F-11D3-BF4B-00C04F79EFBC}") = "HotelService.Domain", "HotelService.Core\HotelService.Domain.csproj", "{82249421-AD00-494F-88B4-86015C881E39}"
EndProject
Project("{FAE04EC0-301F-11D3-BF4B-00C04F79EFBC}") = "HotelService.Infrastructure", "HotelService.Infrastructure\HotelService.Infrastructure.csproj", "{9E5784C1-4D52-4D72-BC0D-76576544D8A1}"
EndProject
Project("{FAE04EC0-301F-11D3-BF4B-00C04F79EFBC}") = "Shared", "Shared\Shared.csproj", "{42E2F491-05FC-4775-884F-8BAABC861307}"
EndProject
Project("{2150E333-8FDC-42A3-9474-1A3956D46DE8}") = "HotelService", "HotelService", "{AC4376C0-23F6-48F4-B58F-7FD2708108B9}"
EndProject
Project("{FAE04EC0-301F-11D3-BF4B-00C04F79EFBC}") = "HotelService.Application", "HotelService.Application\HotelService.Application.csproj", "{7175B1AD-79E8-4354-AA8F-AC65941759DC}"
EndProject
Project("{2150E333-8FDC-42A3-9474-1A3956D46DE8}") = "ReportService", "ReportService", "{10DF809A-9B93-43A3-BE0A-278B5157065A}"
EndProject
Project("{FAE04EC0-301F-11D3-BF4B-00C04F79EFBC}") = "ReportService.API", "ReportService.API\ReportService.API.csproj", "{FC45E2C3-61BF-4165-B0E1-699E6EC20583}"
EndProject
Project("{FAE04EC0-301F-11D3-BF4B-00C04F79EFBC}") = "ReportService.Application", "ReportService.Application\ReportService.Application.csproj", "{99D780A3-6A9D-40B3-A1EA-DA7135670AF2}"
EndProject
Project("{FAE04EC0-301F-11D3-BF4B-00C04F79EFBC}") = "ReportService.Domain", "ReportService.Domain\ReportService.Domain.csproj", "{540344CF-55FE-43E8-ABE3-F8B287C91DE9}"
EndProject
Project("{FAE04EC0-301F-11D3-BF4B-00C04F79EFBC}") = "ReportService.Infrastructure", "ReportService.Infrastructure\ReportService.Infrastructure.csproj", "{F617D296-D6C7-49D1-8A0D-AFE6945E3D95}"
EndProject
Project("{FAE04EC0-301F-11D3-BF4B-00C04F79EFBC}") = "HotelService.xTests", "HotelService.xTests\HotelService.xTests.csproj", "{F3E0BF4C-5A96-4D88-8D80-3573582A7BA1}"
EndProject
Project("{FAE04EC0-301F-11D3-BF4B-00C04F79EFBC}") = "ReportService.xTest", "ReportService.xTest\ReportService.xTest.csproj", "{36ACCC42-036D-41A1-96C0-B01AAB13EDE4}"
EndProject
Global
	GlobalSection(SolutionConfigurationPlatforms) = preSolution
		Debug|Any CPU = Debug|Any CPU
		Release|Any CPU = Release|Any CPU
	EndGlobalSection
	GlobalSection(ProjectConfigurationPlatforms) = postSolution
		{A3D92900-88EF-4EB9-BEC4-7786B0783178}.Debug|Any CPU.ActiveCfg = Debug|Any CPU
		{A3D92900-88EF-4EB9-BEC4-7786B0783178}.Debug|Any CPU.Build.0 = Debug|Any CPU
		{A3D92900-88EF-4EB9-BEC4-7786B0783178}.Release|Any CPU.ActiveCfg = Release|Any CPU
		{A3D92900-88EF-4EB9-BEC4-7786B0783178}.Release|Any CPU.Build.0 = Release|Any CPU
		{82249421-AD00-494F-88B4-86015C881E39}.Debug|Any CPU.ActiveCfg = Debug|Any CPU
		{82249421-AD00-494F-88B4-86015C881E39}.Debug|Any CPU.Build.0 = Debug|Any CPU
		{82249421-AD00-494F-88B4-86015C881E39}.Release|Any CPU.ActiveCfg = Release|Any CPU
		{82249421-AD00-494F-88B4-86015C881E39}.Release|Any CPU.Build.0 = Release|Any CPU
		{9E5784C1-4D52-4D72-BC0D-76576544D8A1}.Debug|Any CPU.ActiveCfg = Debug|Any CPU
		{9E5784C1-4D52-4D72-BC0D-76576544D8A1}.Debug|Any CPU.Build.0 = Debug|Any CPU
		{9E5784C1-4D52-4D72-BC0D-76576544D8A1}.Release|Any CPU.ActiveCfg = Release|Any CPU
		{9E5784C1-4D52-4D72-BC0D-76576544D8A1}.Release|Any CPU.Build.0 = Release|Any CPU
		{42E2F491-05FC-4775-884F-8BAABC861307}.Debug|Any CPU.ActiveCfg = Debug|Any CPU
		{42E2F491-05FC-4775-884F-8BAABC861307}.Debug|Any CPU.Build.0 = Debug|Any CPU
		{42E2F491-05FC-4775-884F-8BAABC861307}.Release|Any CPU.ActiveCfg = Release|Any CPU
		{42E2F491-05FC-4775-884F-8BAABC861307}.Release|Any CPU.Build.0 = Release|Any CPU
		{7175B1AD-79E8-4354-AA8F-AC65941759DC}.Debug|Any CPU.ActiveCfg = Debug|Any CPU
		{7175B1AD-79E8-4354-AA8F-AC65941759DC}.Debug|Any CPU.Build.0 = Debug|Any CPU
		{7175B1AD-79E8-4354-AA8F-AC65941759DC}.Release|Any CPU.ActiveCfg = Release|Any CPU
		{7175B1AD-79E8-4354-AA8F-AC65941759DC}.Release|Any CPU.Build.0 = Release|Any CPU
		{FC45E2C3-61BF-4165-B0E1-699E6EC20583}.Debug|Any CPU.ActiveCfg = Debug|Any CPU
		{FC45E2C3-61BF-4165-B0E1-699E6EC20583}.Debug|Any CPU.Build.0 = Debug|Any CPU
		{FC45E2C3-61BF-4165-B0E1-699E6EC20583}.Release|Any CPU.ActiveCfg = Release|Any CPU
		{FC45E2C3-61BF-4165-B0E1-699E6EC20583}.Release|Any CPU.Build.0 = Release|Any CPU
		{99D780A3-6A9D-40B3-A1EA-DA7135670AF2}.Debug|Any CPU.ActiveCfg = Debug|Any CPU
		{99D780A3-6A9D-40B3-A1EA-DA7135670AF2}.Debug|Any CPU.Build.0 = Debug|Any CPU
		{99D780A3-6A9D-40B3-A1EA-DA7135670AF2}.Release|Any CPU.ActiveCfg = Release|Any CPU
		{99D780A3-6A9D-40B3-A1EA-DA7135670AF2}.Release|Any CPU.Build.0 = Release|Any CPU
		{540344CF-55FE-43E8-ABE3-F8B287C91DE9}.Debug|Any CPU.ActiveCfg = Debug|Any CPU
		{540344CF-55FE-43E8-ABE3-F8B287C91DE9}.Debug|Any CPU.Build.0 = Debug|Any CPU
		{540344CF-55FE-43E8-ABE3-F8B287C91DE9}.Release|Any CPU.ActiveCfg = Release|Any CPU
		{540344CF-55FE-43E8-ABE3-F8B287C91DE9}.Release|Any CPU.Build.0 = Release|Any CPU
		{F617D296-D6C7-49D1-8A0D-AFE6945E3D95}.Debug|Any CPU.ActiveCfg = Debug|Any CPU
		{F617D296-D6C7-49D1-8A0D-AFE6945E3D95}.Debug|Any CPU.Build.0 = Debug|Any CPU
		{F617D296-D6C7-49D1-8A0D-AFE6945E3D95}.Release|Any CPU.ActiveCfg = Release|Any CPU
		{F617D296-D6C7-49D1-8A0D-AFE6945E3D95}.Release|Any CPU.Build.0 = Release|Any CPU
		{F3E0BF4C-5A96-4D88-8D80-3573582A7BA1}.Debug|Any CPU.ActiveCfg = Debug|Any CPU
		{F3E0BF4C-5A96-4D88-8D80-3573582A7BA1}.Debug|Any CPU.Build.0 = Debug|Any CPU
		{F3E0BF4C-5A96-4D88-8D80-3573582A7BA1}.Release|Any CPU.ActiveCfg = Release|Any CPU
		{F3E0BF4C-5A96-4D88-8D80-3573582A7BA1}.Release|Any CPU.Build.0 = Release|Any CPU
		{36ACCC42-036D-41A1-96C0-B01AAB13EDE4}.Debug|Any CPU.ActiveCfg = Debug|Any CPU
		{36ACCC42-036D-41A1-96C0-B01AAB13EDE4}.Debug|Any CPU.Build.0 = Debug|Any CPU
		{36ACCC42-036D-41A1-96C0-B01AAB13EDE4}.Release|Any CPU.ActiveCfg = Release|Any CPU
		{36ACCC42-036D-41A1-96C0-B01AAB13EDE4}.Release|Any CPU.Build.0 = Release|Any CPU
	EndGlobalSection
	GlobalSection(SolutionProperties) = preSolution
		HideSolutionNode = FALSE
	EndGlobalSection
	GlobalSection(NestedProjects) = preSolution
		{A3D92900-88EF-4EB9-BEC4-7786B0783178} = {AC4376C0-23F6-48F4-B58F-7FD2708108B9}
		{82249421-AD00-494F-88B4-86015C881E39} = {AC4376C0-23F6-48F4-B58F-7FD2708108B9}
		{9E5784C1-4D52-4D72-BC0D-76576544D8A1} = {AC4376C0-23F6-48F4-B58F-7FD2708108B9}
		{7175B1AD-79E8-4354-AA8F-AC65941759DC} = {AC4376C0-23F6-48F4-B58F-7FD2708108B9}
		{FC45E2C3-61BF-4165-B0E1-699E6EC20583} = {10DF809A-9B93-43A3-BE0A-278B5157065A}
		{99D780A3-6A9D-40B3-A1EA-DA7135670AF2} = {10DF809A-9B93-43A3-BE0A-278B5157065A}
		{540344CF-55FE-43E8-ABE3-F8B287C91DE9} = {10DF809A-9B93-43A3-BE0A-278B5157065A}
		{F617D296-D6C7-49D1-8A0D-AFE6945E3D95} = {10DF809A-9B93-43A3-BE0A-278B5157065A}
		{F3E0BF4C-5A96-4D88-8D80-3573582A7BA1} = {AC4376C0-23F6-48F4-B58F-7FD2708108B9}
		{36ACCC42-036D-41A1-96C0-B01AAB13EDE4} = {10DF809A-9B93-43A3-BE0A-278B5157065A}
	EndGlobalSection
EndGlobal
